
Microsoft Visual Studio Solution File, Format Version 12.00
# Visual Studio Version 16
VisualStudioVersion = 16.0.30309.148
MinimumVisualStudioVersion = 10.0.40219.1
Project("{FAE04EC0-301F-11D3-BF4B-00C04F79EFBC}") = "reachability", "reachability\reachability.csproj", "{F1E7C33A-0B34-47A5-AD5D-A93E4724D085}"
EndProject
Global
	GlobalSection(SolutionConfigurationPlatforms) = preSolution
		Debug|Any CPU = Debug|Any CPU
		Release|Any CPU = Release|Any CPU
	EndGlobalSection
	GlobalSection(ProjectConfigurationPlatforms) = postSolution
		{F1E7C33A-0B34-47A5-AD5D-A93E4724D085}.Debug|Any CPU.ActiveCfg = Debug|Any CPU
		{F1E7C33A-0B34-47A5-AD5D-A93E4724D085}.Debug|Any CPU.Build.0 = Debug|Any CPU
		{F1E7C33A-0B34-47A5-AD5D-A93E4724D085}.Release|Any CPU.ActiveCfg = Release|Any CPU
		{F1E7C33A-0B34-47A5-AD5D-A93E4724D085}.Release|Any CPU.Build.0 = Release|Any CPU
	EndGlobalSection
	GlobalSection(SolutionProperties) = preSolution
		HideSolutionNode = FALSE
	EndGlobalSection
	GlobalSection(ExtensibilityGlobals) = postSolution
		SolutionGuid = {10075E9B-6CDC-435B-886B-B8AE50B376E7}
	EndGlobalSection
EndGlobal
